
Microsoft Visual Studio Solution File, Format Version 12.00
# Visual Studio Version 16
VisualStudioVersion = 16.0.29215.179
MinimumVisualStudioVersion = 10.0.40219.1
Project("{FAE04EC0-301F-11D3-BF4B-00C04F79EFBC}") = "Projeto_Cinema.Domain", "Projeto_Cinema.Domain\Projeto_Cinema.Domain.csproj", "{5B34C548-5510-4FAF-A7D5-086CE0184247}"
EndProject
Project("{2150E333-8FDC-42A3-9474-1A3956D46DE8}") = "Tests", "Tests", "{E74B1161-86B2-498C-8AFD-4F4682D1BBE3}"
EndProject
Project("{2150E333-8FDC-42A3-9474-1A3956D46DE8}") = "Domain", "Domain", "{DC2A4BD2-C9D9-49AE-8C88-00FF3EA20BE3}"
EndProject
Project("{FAE04EC0-301F-11D3-BF4B-00C04F79EFBC}") = "Projeto_Cinema.Domain.Tests", "Projeto_Cinema.Domain.Tests\Projeto_Cinema.Domain.Tests.csproj", "{F7E6DF3A-6A58-4E78-A3A0-21E588BB199C}"
EndProject
Project("{FAE04EC0-301F-11D3-BF4B-00C04F79EFBC}") = "Projeto_Cinema.Common.Tests", "Projeto_Cinema.Common.Tests\Projeto_Cinema.Common.Tests.csproj", "{3E17EC7B-FE20-47F3-86CD-13AD70AC6CCA}"
EndProject
Global
	GlobalSection(SolutionConfigurationPlatforms) = preSolution
		Debug|Any CPU = Debug|Any CPU
		Release|Any CPU = Release|Any CPU
	EndGlobalSection
	GlobalSection(ProjectConfigurationPlatforms) = postSolution
		{5B34C548-5510-4FAF-A7D5-086CE0184247}.Debug|Any CPU.ActiveCfg = Debug|Any CPU
		{5B34C548-5510-4FAF-A7D5-086CE0184247}.Debug|Any CPU.Build.0 = Debug|Any CPU
		{5B34C548-5510-4FAF-A7D5-086CE0184247}.Release|Any CPU.ActiveCfg = Release|Any CPU
		{5B34C548-5510-4FAF-A7D5-086CE0184247}.Release|Any CPU.Build.0 = Release|Any CPU
		{F7E6DF3A-6A58-4E78-A3A0-21E588BB199C}.Debug|Any CPU.ActiveCfg = Debug|Any CPU
		{F7E6DF3A-6A58-4E78-A3A0-21E588BB199C}.Debug|Any CPU.Build.0 = Debug|Any CPU
		{F7E6DF3A-6A58-4E78-A3A0-21E588BB199C}.Release|Any CPU.ActiveCfg = Release|Any CPU
		{F7E6DF3A-6A58-4E78-A3A0-21E588BB199C}.Release|Any CPU.Build.0 = Release|Any CPU
		{3E17EC7B-FE20-47F3-86CD-13AD70AC6CCA}.Debug|Any CPU.ActiveCfg = Debug|Any CPU
		{3E17EC7B-FE20-47F3-86CD-13AD70AC6CCA}.Debug|Any CPU.Build.0 = Debug|Any CPU
		{3E17EC7B-FE20-47F3-86CD-13AD70AC6CCA}.Release|Any CPU.ActiveCfg = Release|Any CPU
		{3E17EC7B-FE20-47F3-86CD-13AD70AC6CCA}.Release|Any CPU.Build.0 = Release|Any CPU
	EndGlobalSection
	GlobalSection(SolutionProperties) = preSolution
		HideSolutionNode = FALSE
	EndGlobalSection
	GlobalSection(NestedProjects) = preSolution
		{5B34C548-5510-4FAF-A7D5-086CE0184247} = {DC2A4BD2-C9D9-49AE-8C88-00FF3EA20BE3}
		{F7E6DF3A-6A58-4E78-A3A0-21E588BB199C} = {E74B1161-86B2-498C-8AFD-4F4682D1BBE3}
		{3E17EC7B-FE20-47F3-86CD-13AD70AC6CCA} = {E74B1161-86B2-498C-8AFD-4F4682D1BBE3}
	EndGlobalSection
	GlobalSection(ExtensibilityGlobals) = postSolution
		SolutionGuid = {76D96694-0651-4A52-8118-913F173F433D}
	EndGlobalSection
EndGlobal
